
Microsoft Visual Studio Solution File, Format Version 12.00
# Visual Studio Version 17
VisualStudioVersion = 17.0.31903.59
MinimumVisualStudioVersion = 10.0.40219.1
Project("{FAE04EC0-301F-11D3-BF4B-00C04F79EFBC}") = "CruxAI.Core", "CruxAI.Core\CruxAI.Core.csproj", "{4D498869-7EC8-4C7A-99BA-B27BB0DFB1EC}"
EndProject
Project("{FAE04EC0-301F-11D3-BF4B-00C04F79EFBC}") = "CruxAI.Infrastructure", "CruxAI.Infrastructure\CruxAI.Infrastructure.csproj", "{A79186E9-E765-40A5-85D6-4C5449673E36}"
EndProject
Project("{FAE04EC0-301F-11D3-BF4B-00C04F79EFBC}") = "CruxAI.Web", "CruxAI.Web\CruxAI.Web.csproj", "{55DCBF7B-50DA-40A4-B685-15DC2ED46631}"
EndProject
Project("{FAE04EC0-301F-11D3-BF4B-00C04F79EFBC}") = "CruxAI.Tests", "CruxAI.Tests\CruxAI.Tests.csproj", "{126BAF22-15DA-434B-93A2-DDB8376C9F12}"
EndProject
Global
	GlobalSection(SolutionConfigurationPlatforms) = preSolution
		Debug|Any CPU = Debug|Any CPU
		Release|Any CPU = Release|Any CPU
	EndGlobalSection
	GlobalSection(SolutionProperties) = preSolution
		HideSolutionNode = FALSE
	EndGlobalSection
	GlobalSection(ProjectConfigurationPlatforms) = postSolution
		{4D498869-7EC8-4C7A-99BA-B27BB0DFB1EC}.Debug|Any CPU.ActiveCfg = Debug|Any CPU
		{4D498869-7EC8-4C7A-99BA-B27BB0DFB1EC}.Debug|Any CPU.Build.0 = Debug|Any CPU
		{4D498869-7EC8-4C7A-99BA-B27BB0DFB1EC}.Release|Any CPU.ActiveCfg = Release|Any CPU
		{4D498869-7EC8-4C7A-99BA-B27BB0DFB1EC}.Release|Any CPU.Build.0 = Release|Any CPU
		{A79186E9-E765-40A5-85D6-4C5449673E36}.Debug|Any CPU.ActiveCfg = Debug|Any CPU
		{A79186E9-E765-40A5-85D6-4C5449673E36}.Debug|Any CPU.Build.0 = Debug|Any CPU
		{A79186E9-E765-40A5-85D6-4C5449673E36}.Release|Any CPU.ActiveCfg = Release|Any CPU
		{A79186E9-E765-40A5-85D6-4C5449673E36}.Release|Any CPU.Build.0 = Release|Any CPU
		{55DCBF7B-50DA-40A4-B685-15DC2ED46631}.Debug|Any CPU.ActiveCfg = Debug|Any CPU
		{55DCBF7B-50DA-40A4-B685-15DC2ED46631}.Debug|Any CPU.Build.0 = Debug|Any CPU
		{55DCBF7B-50DA-40A4-B685-15DC2ED46631}.Release|Any CPU.ActiveCfg = Release|Any CPU
		{55DCBF7B-50DA-40A4-B685-15DC2ED46631}.Release|Any CPU.Build.0 = Release|Any CPU
		{126BAF22-15DA-434B-93A2-DDB8376C9F12}.Debug|Any CPU.ActiveCfg = Debug|Any CPU
		{126BAF22-15DA-434B-93A2-DDB8376C9F12}.Debug|Any CPU.Build.0 = Debug|Any CPU
		{126BAF22-15DA-434B-93A2-DDB8376C9F12}.Release|Any CPU.ActiveCfg = Release|Any CPU
		{126BAF22-15DA-434B-93A2-DDB8376C9F12}.Release|Any CPU.Build.0 = Release|Any CPU
	EndGlobalSection
EndGlobal
